// !$*UTF8*$!
{
	archiveVersion = 1;
	classes = {
	};
	objectVersion = 46;
	objects = {

/* Begin PBXBuildFile section */
		5BF1E1A31D614F36005F8E0F /* main.m in Sources */ = {isa = PBXBuildFile; fileRef = 5BF1E1A21D614F36005F8E0F /* main.m */; };
		5BF1E1A61D614F36005F8E0F /* AppDelegate.m in Sources */ = {isa = PBXBuildFile; fileRef = 5BF1E1A51D614F36005F8E0F /* AppDelegate.m */; };
		5BF1E1A91D614F36005F8E0F /* MainMenu.m in Sources */ = {isa = PBXBuildFile; fileRef = 5BF1E1A81D614F36005F8E0F /* MainMenu.m */; };
		5BF1E1AC1D614F36005F8E0F /* Main.storyboard in Resources */ = {isa = PBXBuildFile; fileRef = 5BF1E1AA1D614F36005F8E0F /* Main.storyboard */; };
		5BF1E1AF1D614F36005F8E0F /* dnd_mailer.xcdatamodeld in Sources */ = {isa = PBXBuildFile; fileRef = 5BF1E1AD1D614F36005F8E0F /* dnd_mailer.xcdatamodeld */; };
		5BF1E1B11D614F36005F8E0F /* Assets.xcassets in Resources */ = {isa = PBXBuildFile; fileRef = 5BF1E1B01D614F36005F8E0F /* Assets.xcassets */; };
		5BF1E1B41D614F36005F8E0F /* LaunchScreen.storyboard in Resources */ = {isa = PBXBuildFile; fileRef = 5BF1E1B21D614F36005F8E0F /* LaunchScreen.storyboard */; };
		5BF1E1BF1D614F36005F8E0F /* dnd_mailerTests.m in Sources */ = {isa = PBXBuildFile; fileRef = 5BF1E1BE1D614F36005F8E0F /* dnd_mailerTests.m */; };
		5BF1E1CA1D614F36005F8E0F /* dnd_mailerUITests.m in Sources */ = {isa = PBXBuildFile; fileRef = 5BF1E1C91D614F36005F8E0F /* dnd_mailerUITests.m */; };
		5BF1E1D91D618AD8005F8E0F /* DataManager.m in Sources */ = {isa = PBXBuildFile; fileRef = 5BF1E1D81D618AD8005F8E0F /* DataManager.m */; };
		5BF1E1DC1D618B9F005F8E0F /* CoreDataTableViewController.m in Sources */ = {isa = PBXBuildFile; fileRef = 5BF1E1DB1D618B9F005F8E0F /* CoreDataTableViewController.m */; };
		5BF1E1DF1D61910C005F8E0F /* InboxView.m in Sources */ = {isa = PBXBuildFile; fileRef = 5BF1E1DE1D61910C005F8E0F /* InboxView.m */; };
/* End PBXBuildFile section */

/* Begin PBXContainerItemProxy section */
		5BF1E1BB1D614F36005F8E0F /* PBXContainerItemProxy */ = {
			isa = PBXContainerItemProxy;
			containerPortal = 5BF1E1961D614F36005F8E0F /* Project object */;
			proxyType = 1;
			remoteGlobalIDString = 5BF1E19D1D614F36005F8E0F;
			remoteInfo = dnd_mailer;
		};
		5BF1E1C61D614F36005F8E0F /* PBXContainerItemProxy */ = {
			isa = PBXContainerItemProxy;
			containerPortal = 5BF1E1961D614F36005F8E0F /* Project object */;
			proxyType = 1;
			remoteGlobalIDString = 5BF1E19D1D614F36005F8E0F;
			remoteInfo = dnd_mailer;
		};
/* End PBXContainerItemProxy section */

/* Begin PBXFileReference section */
		5BF1E19E1D614F36005F8E0F /* dnd_mailer.app */ = {isa = PBXFileReference; explicitFileType = wrapper.application; includeInIndex = 0; path = dnd_mailer.app; sourceTree = BUILT_PRODUCTS_DIR; };
		5BF1E1A21D614F36005F8E0F /* main.m */ = {isa = PBXFileReference; lastKnownFileType = sourcecode.c.objc; path = main.m; sourceTree = "<group>"; };
		5BF1E1A41D614F36005F8E0F /* AppDelegate.h */ = {isa = PBXFileReference; lastKnownFileType = sourcecode.c.h; path = AppDelegate.h; sourceTree = "<group>"; };
		5BF1E1A51D614F36005F8E0F /* AppDelegate.m */ = {isa = PBXFileReference; lastKnownFileType = sourcecode.c.objc; path = AppDelegate.m; sourceTree = "<group>"; };
		5BF1E1A71D614F36005F8E0F /* MainMenu.h */ = {isa = PBXFileReference; lastKnownFileType = sourcecode.c.h; path = MainMenu.h; sourceTree = "<group>"; };
		5BF1E1A81D614F36005F8E0F /* MainMenu.m */ = {isa = PBXFileReference; lastKnownFileType = sourcecode.c.objc; path = MainMenu.m; sourceTree = "<group>"; };
		5BF1E1AB1D614F36005F8E0F /* Base */ = {isa = PBXFileReference; lastKnownFileType = file.storyboard; name = Base; path = Base.lproj/Main.storyboard; sourceTree = "<group>"; };
		5BF1E1AE1D614F36005F8E0F /* dnd_mailer.xcdatamodel */ = {isa = PBXFileReference; lastKnownFileType = wrapper.xcdatamodel; path = dnd_mailer.xcdatamodel; sourceTree = "<group>"; };
		5BF1E1B01D614F36005F8E0F /* Assets.xcassets */ = {isa = PBXFileReference; lastKnownFileType = folder.assetcatalog; path = Assets.xcassets; sourceTree = "<group>"; };
		5BF1E1B31D614F36005F8E0F /* Base */ = {isa = PBXFileReference; lastKnownFileType = file.storyboard; name = Base; path = Base.lproj/LaunchScreen.storyboard; sourceTree = "<group>"; };
		5BF1E1B51D614F36005F8E0F /* Info.plist */ = {isa = PBXFileReference; lastKnownFileType = text.plist.xml; path = Info.plist; sourceTree = "<group>"; };
		5BF1E1BA1D614F36005F8E0F /* dnd_mailerTests.xctest */ = {isa = PBXFileReference; explicitFileType = wrapper.cfbundle; includeInIndex = 0; path = dnd_mailerTests.xctest; sourceTree = BUILT_PRODUCTS_DIR; };
		5BF1E1BE1D614F36005F8E0F /* dnd_mailerTests.m */ = {isa = PBXFileReference; lastKnownFileType = sourcecode.c.objc; path = dnd_mailerTests.m; sourceTree = "<group>"; };
		5BF1E1C01D614F36005F8E0F /* Info.plist */ = {isa = PBXFileReference; lastKnownFileType = text.plist.xml; path = Info.plist; sourceTree = "<group>"; };
		5BF1E1C51D614F36005F8E0F /* dnd_mailerUITests.xctest */ = {isa = PBXFileReference; explicitFileType = wrapper.cfbundle; includeInIndex = 0; path = dnd_mailerUITests.xctest; sourceTree = BUILT_PRODUCTS_DIR; };
		5BF1E1C91D614F36005F8E0F /* dnd_mailerUITests.m */ = {isa = PBXFileReference; lastKnownFileType = sourcecode.c.objc; path = dnd_mailerUITests.m; sourceTree = "<group>"; };
		5BF1E1CB1D614F36005F8E0F /* Info.plist */ = {isa = PBXFileReference; lastKnownFileType = text.plist.xml; path = Info.plist; sourceTree = "<group>"; };
		5BF1E1D71D618AD8005F8E0F /* DataManager.h */ = {isa = PBXFileReference; fileEncoding = 4; lastKnownFileType = sourcecode.c.h; name = DataManager.h; path = ../../NewApp/HomeWorkCoreData/DataManager.h; sourceTree = "<group>"; };
		5BF1E1D81D618AD8005F8E0F /* DataManager.m */ = {isa = PBXFileReference; fileEncoding = 4; lastKnownFileType = sourcecode.c.objc; name = DataManager.m; path = ../../NewApp/HomeWorkCoreData/DataManager.m; sourceTree = "<group>"; };
		5BF1E1DA1D618B9F005F8E0F /* CoreDataTableViewController.h */ = {isa = PBXFileReference; fileEncoding = 4; lastKnownFileType = sourcecode.c.h; name = CoreDataTableViewController.h; path = ../../NewApp/HomeWorkCoreData/CoreDataTableViewController.h; sourceTree = "<group>"; };
		5BF1E1DB1D618B9F005F8E0F /* CoreDataTableViewController.m */ = {isa = PBXFileReference; fileEncoding = 4; lastKnownFileType = sourcecode.c.objc; name = CoreDataTableViewController.m; path = ../../NewApp/HomeWorkCoreData/CoreDataTableViewController.m; sourceTree = "<group>"; };
		5BF1E1DD1D61910C005F8E0F /* InboxView.h */ = {isa = PBXFileReference; fileEncoding = 4; lastKnownFileType = sourcecode.c.h; name = InboxView.h; path = ../InboxView.h; sourceTree = "<group>"; };
		5BF1E1DE1D61910C005F8E0F /* InboxView.m */ = {isa = PBXFileReference; fileEncoding = 4; lastKnownFileType = sourcecode.c.objc; name = InboxView.m; path = ../InboxView.m; sourceTree = "<group>"; };
/* End PBXFileReference section */

/* Begin PBXFrameworksBuildPhase section */
		5BF1E19B1D614F36005F8E0F /* Frameworks */ = {
			isa = PBXFrameworksBuildPhase;
			buildActionMask = 2147483647;
			files = (
			);
			runOnlyForDeploymentPostprocessing = 0;
		};
		5BF1E1B71D614F36005F8E0F /* Frameworks */ = {
			isa = PBXFrameworksBuildPhase;
			buildActionMask = 2147483647;
			files = (
			);
			runOnlyForDeploymentPostprocessing = 0;
		};
		5BF1E1C21D614F36005F8E0F /* Frameworks */ = {
			isa = PBXFrameworksBuildPhase;
			buildActionMask = 2147483647;
			files = (
			);
			runOnlyForDeploymentPostprocessing = 0;
		};
/* End PBXFrameworksBuildPhase section */

/* Begin PBXGroup section */
		5BF1E1951D614F36005F8E0F = {
			isa = PBXGroup;
			children = (
				5BF1E1A01D614F36005F8E0F /* dnd_mailer */,
				5BF1E1BD1D614F36005F8E0F /* dnd_mailerTests */,
				5BF1E1C81D614F36005F8E0F /* dnd_mailerUITests */,
				5BF1E19F1D614F36005F8E0F /* Products */,
			);
			sourceTree = "<group>";
		};
		5BF1E19F1D614F36005F8E0F /* Products */ = {
			isa = PBXGroup;
			children = (
				5BF1E19E1D614F36005F8E0F /* dnd_mailer.app */,
				5BF1E1BA1D614F36005F8E0F /* dnd_mailerTests.xctest */,
				5BF1E1C51D614F36005F8E0F /* dnd_mailerUITests.xctest */,
			);
			name = Products;
			sourceTree = "<group>";
		};
		5BF1E1A01D614F36005F8E0F /* dnd_mailer */ = {
			isa = PBXGroup;
			children = (
				5BF1E1A41D614F36005F8E0F /* AppDelegate.h */,
				5BF1E1A51D614F36005F8E0F /* AppDelegate.m */,
				5BF1E1A71D614F36005F8E0F /* MainMenu.h */,
				5BF1E1A81D614F36005F8E0F /* MainMenu.m */,
				5BF1E1DD1D61910C005F8E0F /* InboxView.h */,
				5BF1E1DE1D61910C005F8E0F /* InboxView.m */,
				5BF1E1D71D618AD8005F8E0F /* DataManager.h */,
				5BF1E1D81D618AD8005F8E0F /* DataManager.m */,
				5BF1E1DA1D618B9F005F8E0F /* CoreDataTableViewController.h */,
				5BF1E1DB1D618B9F005F8E0F /* CoreDataTableViewController.m */,
				5BF1E1B01D614F36005F8E0F /* Assets.xcassets */,
				5BF1E1AA1D614F36005F8E0F /* Main.storyboard */,
				5BF1E1B21D614F36005F8E0F /* LaunchScreen.storyboard */,
				5BF1E1B51D614F36005F8E0F /* Info.plist */,
				5BF1E1AD1D614F36005F8E0F /* dnd_mailer.xcdatamodeld */,
				5BF1E1A11D614F36005F8E0F /* Supporting Files */,
			);
			path = dnd_mailer;
			sourceTree = "<group>";
		};
		5BF1E1A11D614F36005F8E0F /* Supporting Files */ = {
			isa = PBXGroup;
			children = (
				5BF1E1A21D614F36005F8E0F /* main.m */,
			);
			name = "Supporting Files";
			sourceTree = "<group>";
		};
		5BF1E1BD1D614F36005F8E0F /* dnd_mailerTests */ = {
			isa = PBXGroup;
			children = (
				5BF1E1BE1D614F36005F8E0F /* dnd_mailerTests.m */,
				5BF1E1C01D614F36005F8E0F /* Info.plist */,
			);
			path = dnd_mailerTests;
			sourceTree = "<group>";
		};
		5BF1E1C81D614F36005F8E0F /* dnd_mailerUITests */ = {
			isa = PBXGroup;
			children = (
				5BF1E1C91D614F36005F8E0F /* dnd_mailerUITests.m */,
				5BF1E1CB1D614F36005F8E0F /* Info.plist */,
			);
			path = dnd_mailerUITests;
			sourceTree = "<group>";
		};
/* End PBXGroup section */

/* Begin PBXNativeTarget section */
		5BF1E19D1D614F36005F8E0F /* dnd_mailer */ = {
			isa = PBXNativeTarget;
			buildConfigurationList = 5BF1E1CE1D614F36005F8E0F /* Build configuration list for PBXNativeTarget "dnd_mailer" */;
			buildPhases = (
				5BF1E19A1D614F36005F8E0F /* Sources */,
				5BF1E19B1D614F36005F8E0F /* Frameworks */,
				5BF1E19C1D614F36005F8E0F /* Resources */,
			);
			buildRules = (
			);
			dependencies = (
			);
			name = dnd_mailer;
			productName = dnd_mailer;
			productReference = 5BF1E19E1D614F36005F8E0F /* dnd_mailer.app */;
			productType = "com.apple.product-type.application";
		};
		5BF1E1B91D614F36005F8E0F /* dnd_mailerTests */ = {
			isa = PBXNativeTarget;
			buildConfigurationList = 5BF1E1D11D614F36005F8E0F /* Build configuration list for PBXNativeTarget "dnd_mailerTests" */;
			buildPhases = (
				5BF1E1B61D614F36005F8E0F /* Sources */,
				5BF1E1B71D614F36005F8E0F /* Frameworks */,
				5BF1E1B81D614F36005F8E0F /* Resources */,
			);
			buildRules = (
			);
			dependencies = (
				5BF1E1BC1D614F36005F8E0F /* PBXTargetDependency */,
			);
			name = dnd_mailerTests;
			productName = dnd_mailerTests;
			productReference = 5BF1E1BA1D614F36005F8E0F /* dnd_mailerTests.xctest */;
			productType = "com.apple.product-type.bundle.unit-test";
		};
		5BF1E1C41D614F36005F8E0F /* dnd_mailerUITests */ = {
			isa = PBXNativeTarget;
			buildConfigurationList = 5BF1E1D41D614F36005F8E0F /* Build configuration list for PBXNativeTarget "dnd_mailerUITests" */;
			buildPhases = (
				5BF1E1C11D614F36005F8E0F /* Sources */,
				5BF1E1C21D614F36005F8E0F /* Frameworks */,
				5BF1E1C31D614F36005F8E0F /* Resources */,
			);
			buildRules = (
			);
			dependencies = (
				5BF1E1C71D614F36005F8E0F /* PBXTargetDependency */,
			);
			name = dnd_mailerUITests;
			productName = dnd_mailerUITests;
			productReference = 5BF1E1C51D614F36005F8E0F /* dnd_mailerUITests.xctest */;
			productType = "com.apple.product-type.bundle.ui-testing";
		};
/* End PBXNativeTarget section */

/* Begin PBXProject section */
		5BF1E1961D614F36005F8E0F /* Project object */ = {
			isa = PBXProject;
			attributes = {
				LastUpgradeCheck = 0720;
				ORGANIZATIONNAME = "Mykola Tarasov";
				TargetAttributes = {
					5BF1E19D1D614F36005F8E0F = {
						CreatedOnToolsVersion = 7.2.1;
					};
					5BF1E1B91D614F36005F8E0F = {
						CreatedOnToolsVersion = 7.2.1;
						TestTargetID = 5BF1E19D1D614F36005F8E0F;
					};
					5BF1E1C41D614F36005F8E0F = {
						CreatedOnToolsVersion = 7.2.1;
						TestTargetID = 5BF1E19D1D614F36005F8E0F;
					};
				};
			};
			buildConfigurationList = 5BF1E1991D614F36005F8E0F /* Build configuration list for PBXProject "dnd_mailer" */;
			compatibilityVersion = "Xcode 3.2";
			developmentRegion = English;
			hasScannedForEncodings = 0;
			knownRegions = (
				en,
				Base,
			);
			mainGroup = 5BF1E1951D614F36005F8E0F;
			productRefGroup = 5BF1E19F1D614F36005F8E0F /* Products */;
			projectDirPath = "";
			projectRoot = "";
			targets = (
				5BF1E19D1D614F36005F8E0F /* dnd_mailer */,
				5BF1E1B91D614F36005F8E0F /* dnd_mailerTests */,
				5BF1E1C41D614F36005F8E0F /* dnd_mailerUITests */,
			);
		};
/* End PBXProject section */

/* Begin PBXResourcesBuildPhase section */
		5BF1E19C1D614F36005F8E0F /* Resources */ = {
			isa = PBXResourcesBuildPhase;
			buildActionMask = 2147483647;
			files = (
				5BF1E1B41D614F36005F8E0F /* LaunchScreen.storyboard in Resources */,
				5BF1E1B11D614F36005F8E0F /* Assets.xcassets in Resources */,
				5BF1E1AC1D614F36005F8E0F /* Main.storyboard in Resources */,
			);
			runOnlyForDeploymentPostprocessing = 0;
		};
		5BF1E1B81D614F36005F8E0F /* Resources */ = {
			isa = PBXResourcesBuildPhase;
			buildActionMask = 2147483647;
			files = (
			);
			runOnlyForDeploymentPostprocessing = 0;
		};
		5BF1E1C31D614F36005F8E0F /* Resources */ = {
			isa = PBXResourcesBuildPhase;
			buildActionMask = 2147483647;
			files = (
			);
			runOnlyForDeploymentPostprocessing = 0;
		};
/* End PBXResourcesBuildPhase section */

/* Begin PBXSourcesBuildPhase section */
		5BF1E19A1D614F36005F8E0F /* Sources */ = {
			isa = PBXSourcesBuildPhase;
			buildActionMask = 2147483647;
			files = (
				5BF1E1A91D614F36005F8E0F /* MainMenu.m in Sources */,
				5BF1E1D91D618AD8005F8E0F /* DataManager.m in Sources */,
				5BF1E1DC1D618B9F005F8E0F /* CoreDataTableViewController.m in Sources */,
				5BF1E1A61D614F36005F8E0F /* AppDelegate.m in Sources */,
				5BF1E1AF1D614F36005F8E0F /* dnd_mailer.xcdatamodeld in Sources */,
				5BF1E1DF1D61910C005F8E0F /* InboxView.m in Sources */,
				5BF1E1A31D614F36005F8E0F /* main.m in Sources */,
			);
			runOnlyForDeploymentPostprocessing = 0;
		};
		5BF1E1B61D614F36005F8E0F /* Sources */ = {
			isa = PBXSourcesBuildPhase;
			buildActionMask = 2147483647;
			files = (
				5BF1E1BF1D614F36005F8E0F /* dnd_mailerTests.m in Sources */,
			);
			runOnlyForDeploymentPostprocessing = 0;
		};
		5BF1E1C11D614F36005F8E0F /* Sources */ = {
			isa = PBXSourcesBuildPhase;
			buildActionMask = 2147483647;
			files = (
				5BF1E1CA1D614F36005F8E0F /* dnd_mailerUITests.m in Sources */,
			);
			runOnlyForDeploymentPostprocessing = 0;
		};
/* End PBXSourcesBuildPhase section */

/* Begin PBXTargetDependency section */
		5BF1E1BC1D614F36005F8E0F /* PBXTargetDependency */ = {
			isa = PBXTargetDependency;
			target = 5BF1E19D1D614F36005F8E0F /* dnd_mailer */;
			targetProxy = 5BF1E1BB1D614F36005F8E0F /* PBXContainerItemProxy */;
		};
		5BF1E1C71D614F36005F8E0F /* PBXTargetDependency */ = {
			isa = PBXTargetDependency;
			target = 5BF1E19D1D614F36005F8E0F /* dnd_mailer */;
			targetProxy = 5BF1E1C61D614F36005F8E0F /* PBXContainerItemProxy */;
		};
/* End PBXTargetDependency section */

/* Begin PBXVariantGroup section */
		5BF1E1AA1D614F36005F8E0F /* Main.storyboard */ = {
			isa = PBXVariantGroup;
			children = (
				5BF1E1AB1D614F36005F8E0F /* Base */,
			);
			name = Main.storyboard;
			sourceTree = "<group>";
		};
		5BF1E1B21D614F36005F8E0F /* LaunchScreen.storyboard */ = {
			isa = PBXVariantGroup;
			children = (
				5BF1E1B31D614F36005F8E0F /* Base */,
			);
			name = LaunchScreen.storyboard;
			sourceTree = "<group>";
		};
/* End PBXVariantGroup section */

/* Begin XCBuildConfiguration section */
		5BF1E1CC1D614F36005F8E0F /* Debug */ = {
			isa = XCBuildConfiguration;
			buildSettings = {
				ALWAYS_SEARCH_USER_PATHS = NO;
				CLANG_CXX_LANGUAGE_STANDARD = "gnu++0x";
				CLANG_CXX_LIBRARY = "libc++";
				CLANG_ENABLE_MODULES = YES;
				CLANG_ENABLE_OBJC_ARC = YES;
				CLANG_WARN_BOOL_CONVERSION = YES;
				CLANG_WARN_CONSTANT_CONVERSION = YES;
				CLANG_WARN_DIRECT_OBJC_ISA_USAGE = YES_ERROR;
				CLANG_WARN_EMPTY_BODY = YES;
				CLANG_WARN_ENUM_CONVERSION = YES;
				CLANG_WARN_INT_CONVERSION = YES;
				CLANG_WARN_OBJC_ROOT_CLASS = YES_ERROR;
				CLANG_WARN_UNREACHABLE_CODE = YES;
				CLANG_WARN__DUPLICATE_METHOD_MATCH = YES;
				"CODE_SIGN_IDENTITY[sdk=iphoneos*]" = "iPhone Developer";
				COPY_PHASE_STRIP = NO;
				DEBUG_INFORMATION_FORMAT = dwarf;
				ENABLE_STRICT_OBJC_MSGSEND = YES;
				ENABLE_TESTABILITY = YES;
				GCC_C_LANGUAGE_STANDARD = gnu99;
				GCC_DYNAMIC_NO_PIC = NO;
				GCC_NO_COMMON_BLOCKS = YES;
				GCC_OPTIMIZATION_LEVEL = 0;
				GCC_PREPROCESSOR_DEFINITIONS = (
					"DEBUG=1",
					"$(inherited)",
				);
				GCC_WARN_64_TO_32_BIT_CONVERSION = YES;
				GCC_WARN_ABOUT_RETURN_TYPE = YES_ERROR;
				GCC_WARN_UNDECLARED_SELECTOR = YES;
				GCC_WARN_UNINITIALIZED_AUTOS = YES_AGGRESSIVE;
				GCC_WARN_UNUSED_FUNCTION = YES;
				GCC_WARN_UNUSED_VARIABLE = YES;
				IPHONEOS_DEPLOYMENT_TARGET = 9.2;
				MTL_ENABLE_DEBUG_INFO = YES;
				ONLY_ACTIVE_ARCH = YES;
				SDKROOT = iphoneos;
				TARGETED_DEVICE_FAMILY = "1,2";
			};
			name = Debug;
		};
		5BF1E1CD1D614F36005F8E0F /* Release */ = {
			isa = XCBuildConfiguration;
			buildSettings = {
				ALWAYS_SEARCH_USER_PATHS = NO;
				CLANG_CXX_LANGUAGE_STANDARD = "gnu++0x";
				CLANG_CXX_LIBRARY = "libc++";
				CLANG_ENABLE_MODULES = YES;
				CLANG_ENABLE_OBJC_ARC = YES;
				CLANG_WARN_BOOL_CONVERSION = YES;
				CLANG_WARN_CONSTANT_CONVERSION = YES;
				CLANG_WARN_DIRECT_OBJC_ISA_USAGE = YES_ERROR;
				CLANG_WARN_EMPTY_BODY = YES;
				CLANG_WARN_ENUM_CONVERSION = YES;
				CLANG_WARN_INT_CONVERSION = YES;
				CLANG_WARN_OBJC_ROOT_CLASS = YES_ERROR;
				CLANG_WARN_UNREACHABLE_CODE = YES;
				CLANG_WARN__DUPLICATE_METHOD_MATCH = YES;
				"CODE_SIGN_IDENTITY[sdk=iphoneos*]" = "iPhone Developer";
				COPY_PHASE_STRIP = NO;
				DEBUG_INFORMATION_FORMAT = "dwarf-with-dsym";
				ENABLE_NS_ASSERTIONS = NO;
				ENABLE_STRICT_OBJC_MSGSEND = YES;
				GCC_C_LANGUAGE_STANDARD = gnu99;
				GCC_NO_COMMON_BLOCKS = YES;
				GCC_WARN_64_TO_32_BIT_CONVERSION = YES;
				GCC_WARN_ABOUT_RETURN_TYPE = YES_ERROR;
				GCC_WARN_UNDECLARED_SELECTOR = YES;
				GCC_WARN_UNINITIALIZED_AUTOS = YES_AGGRESSIVE;
				GCC_WARN_UNUSED_FUNCTION = YES;
				GCC_WARN_UNUSED_VARIABLE = YES;
				IPHONEOS_DEPLOYMENT_TARGET = 9.2;
				MTL_ENABLE_DEBUG_INFO = NO;
				SDKROOT = iphoneos;
				TARGETED_DEVICE_FAMILY = "1,2";
				VALIDATE_PRODUCT = YES;
			};
			name = Release;
		};
		5BF1E1CF1D614F36005F8E0F /* Debug */ = {
			isa = XCBuildConfiguration;
			buildSettings = {
				ASSETCATALOG_COMPILER_APPICON_NAME = AppIcon;
				INFOPLIST_FILE = dnd_mailer/Info.plist;
				LD_RUNPATH_SEARCH_PATHS = "$(inherited) @executable_path/Frameworks";
				PRODUCT_BUNDLE_IDENTIFIER = "NT.dnd-mailer";
				PRODUCT_NAME = "$(TARGET_NAME)";
			};
			name = Debug;
		};
		5BF1E1D01D614F36005F8E0F /* Release */ = {
			isa = XCBuildConfiguration;
			buildSettings = {
				ASSETCATALOG_COMPILER_APPICON_NAME = AppIcon;
				INFOPLIST_FILE = dnd_mailer/Info.plist;
				LD_RUNPATH_SEARCH_PATHS = "$(inherited) @executable_path/Frameworks";
				PRODUCT_BUNDLE_IDENTIFIER = "NT.dnd-mailer";
				PRODUCT_NAME = "$(TARGET_NAME)";
			};
			name = Release;
		};
		5BF1E1D21D614F36005F8E0F /* Debug */ = {
			isa = XCBuildConfiguration;
			buildSettings = {
				BUNDLE_LOADER = "$(TEST_HOST)";
				INFOPLIST_FILE = dnd_mailerTests/Info.plist;
				LD_RUNPATH_SEARCH_PATHS = "$(inherited) @executable_path/Frameworks @loader_path/Frameworks";
				PRODUCT_BUNDLE_IDENTIFIER = "NT.dnd-mailerTests";
				PRODUCT_NAME = "$(TARGET_NAME)";
				TEST_HOST = "$(BUILT_PRODUCTS_DIR)/dnd_mailer.app/dnd_mailer";
			};
			name = Debug;
		};
		5BF1E1D31D614F36005F8E0F /* Release */ = {
			isa = XCBuildConfiguration;
			buildSettings = {
				BUNDLE_LOADER = "$(TEST_HOST)";
				INFOPLIST_FILE = dnd_mailerTests/Info.plist;
				LD_RUNPATH_SEARCH_PATHS = "$(inherited) @executable_path/Frameworks @loader_path/Frameworks";
				PRODUCT_BUNDLE_IDENTIFIER = "NT.dnd-mailerTests";
				PRODUCT_NAME = "$(TARGET_NAME)";
				TEST_HOST = "$(BUILT_PRODUCTS_DIR)/dnd_mailer.app/dnd_mailer";
			};
			name = Release;
		};
		5BF1E1D51D614F36005F8E0F /* Debug */ = {
			isa = XCBuildConfiguration;
			buildSettings = {
				INFOPLIST_FILE = dnd_mailerUITests/Info.plist;
				LD_RUNPATH_SEARCH_PATHS = "$(inherited) @executable_path/Frameworks @loader_path/Frameworks";
				PRODUCT_BUNDLE_IDENTIFIER = "NT.dnd-mailerUITests";
				PRODUCT_NAME = "$(TARGET_NAME)";
				TEST_TARGET_NAME = dnd_mailer;
				USES_XCTRUNNER = YES;
			};
			name = Debug;
		};
		5BF1E1D61D614F36005F8E0F /* Release */ = {
			isa = XCBuildConfiguration;
			buildSettings = {
				INFOPLIST_FILE = dnd_mailerUITests/Info.plist;
				LD_RUNPATH_SEARCH_PATHS = "$(inherited) @executable_path/Frameworks @loader_path/Frameworks";
				PRODUCT_BUNDLE_IDENTIFIER = "NT.dnd-mailerUITests";
				PRODUCT_NAME = "$(TARGET_NAME)";
				TEST_TARGET_NAME = dnd_mailer;
				USES_XCTRUNNER = YES;
			};
			name = Release;
		};
/* End XCBuildConfiguration section */

/* Begin XCConfigurationList section */
		5BF1E1991D614F36005F8E0F /* Build configuration list for PBXProject "dnd_mailer" */ = {
			isa = XCConfigurationList;
			buildConfigurations = (
				5BF1E1CC1D614F36005F8E0F /* Debug */,
				5BF1E1CD1D614F36005F8E0F /* Release */,
			);
			defaultConfigurationIsVisible = 0;
			defaultConfigurationName = Release;
		};
		5BF1E1CE1D614F36005F8E0F /* Build configuration list for PBXNativeTarget "dnd_mailer" */ = {
			isa = XCConfigurationList;
			buildConfigurations = (
				5BF1E1CF1D614F36005F8E0F /* Debug */,
				5BF1E1D01D614F36005F8E0F /* Release */,
			);
			defaultConfigurationIsVisible = 0;
			defaultConfigurationName = Release;
		};
		5BF1E1D11D614F36005F8E0F /* Build configuration list for PBXNativeTarget "dnd_mailerTests" */ = {
			isa = XCConfigurationList;
			buildConfigurations = (
				5BF1E1D21D614F36005F8E0F /* Debug */,
				5BF1E1D31D614F36005F8E0F /* Release */,
			);
			defaultConfigurationIsVisible = 0;
			defaultConfigurationName = Release;
		};
		5BF1E1D41D614F36005F8E0F /* Build configuration list for PBXNativeTarget "dnd_mailerUITests" */ = {
			isa = XCConfigurationList;
			buildConfigurations = (
				5BF1E1D51D614F36005F8E0F /* Debug */,
				5BF1E1D61D614F36005F8E0F /* Release */,
			);
			defaultConfigurationIsVisible = 0;
			defaultConfigurationName = Release;
		};
/* End XCConfigurationList section */

/* Begin XCVersionGroup section */
		5BF1E1AD1D614F36005F8E0F /* dnd_mailer.xcdatamodeld */ = {
			isa = XCVersionGroup;
			children = (
				5BF1E1AE1D614F36005F8E0F /* dnd_mailer.xcdatamodel */,
			);
			currentVersion = 5BF1E1AE1D614F36005F8E0F /* dnd_mailer.xcdatamodel */;
			path = dnd_mailer.xcdatamodeld;
			sourceTree = "<group>";
			versionGroupType = wrapper.xcdatamodel;
		};
/* End XCVersionGroup section */
	};
	rootObject = 5BF1E1961D614F36005F8E0F /* Project object */;
}
